
Microsoft Visual Studio Solution File, Format Version 12.00
# Visual Studio Version 17
VisualStudioVersion = 17.11.35208.52
MinimumVisualStudioVersion = 10.0.40219.1
Project("{FAE04EC0-301F-11D3-BF4B-00C04F79EFBC}") = "RabbitMQ.Publisher", "RabbitMQ.Publisher\RabbitMQ.Publisher.csproj", "{944F6202-C488-4F94-A000-736E7C3B270D}"
EndProject
Project("{FAE04EC0-301F-11D3-BF4B-00C04F79EFBC}") = "RabbitMQ.Subscriber", "RabbitMQ.Subscriber\RabbitMQ.Subscriber.csproj", "{D52C3F9B-E765-4470-829C-9BE1B3D47696}"
EndProject
Global
	GlobalSection(SolutionConfigurationPlatforms) = preSolution
		Debug|Any CPU = Debug|Any CPU
		Release|Any CPU = Release|Any CPU
	EndGlobalSection
	GlobalSection(ProjectConfigurationPlatforms) = postSolution
		{944F6202-C488-4F94-A000-736E7C3B270D}.Debug|Any CPU.ActiveCfg = Debug|Any CPU
		{944F6202-C488-4F94-A000-736E7C3B270D}.Debug|Any CPU.Build.0 = Debug|Any CPU
		{944F6202-C488-4F94-A000-736E7C3B270D}.Release|Any CPU.ActiveCfg = Release|Any CPU
		{944F6202-C488-4F94-A000-736E7C3B270D}.Release|Any CPU.Build.0 = Release|Any CPU
		{D52C3F9B-E765-4470-829C-9BE1B3D47696}.Debug|Any CPU.ActiveCfg = Debug|Any CPU
		{D52C3F9B-E765-4470-829C-9BE1B3D47696}.Debug|Any CPU.Build.0 = Debug|Any CPU
		{D52C3F9B-E765-4470-829C-9BE1B3D47696}.Release|Any CPU.ActiveCfg = Release|Any CPU
		{D52C3F9B-E765-4470-829C-9BE1B3D47696}.Release|Any CPU.Build.0 = Release|Any CPU
	EndGlobalSection
	GlobalSection(SolutionProperties) = preSolution
		HideSolutionNode = FALSE
	EndGlobalSection
	GlobalSection(ExtensibilityGlobals) = postSolution
		SolutionGuid = {BF77C18D-1760-4CE5-B331-8392340EFBB2}
	EndGlobalSection
EndGlobal
